
Microsoft Visual Studio Solution File, Format Version 12.00
# Visual Studio Version 17
VisualStudioVersion = 17.2.32526.322
MinimumVisualStudioVersion = 10.0.40219.1
Project("{9A19103F-16F7-4668-BE54-9A1E7A4F7556}") = "LogicaDeProgramacao", "logica\LogicaDeProgramacao.csproj", "{D056CC01-006F-41E8-882E-C297A7B83B62}"
EndProject
Project("{FAE04EC0-301F-11D3-BF4B-00C04F79EFBC}") = "Casting", "Casting\Casting.csproj", "{1F2412FC-EFF9-4158-A288-9C84046D99D2}"
EndProject
Global
	GlobalSection(SolutionConfigurationPlatforms) = preSolution
		Debug|Any CPU = Debug|Any CPU
		Release|Any CPU = Release|Any CPU
	EndGlobalSection
	GlobalSection(ProjectConfigurationPlatforms) = postSolution
		{D056CC01-006F-41E8-882E-C297A7B83B62}.Debug|Any CPU.ActiveCfg = Debug|Any CPU
		{D056CC01-006F-41E8-882E-C297A7B83B62}.Debug|Any CPU.Build.0 = Debug|Any CPU
		{D056CC01-006F-41E8-882E-C297A7B83B62}.Release|Any CPU.ActiveCfg = Release|Any CPU
		{D056CC01-006F-41E8-882E-C297A7B83B62}.Release|Any CPU.Build.0 = Release|Any CPU
		{1F2412FC-EFF9-4158-A288-9C84046D99D2}.Debug|Any CPU.ActiveCfg = Debug|Any CPU
		{1F2412FC-EFF9-4158-A288-9C84046D99D2}.Debug|Any CPU.Build.0 = Debug|Any CPU
		{1F2412FC-EFF9-4158-A288-9C84046D99D2}.Release|Any CPU.ActiveCfg = Release|Any CPU
		{1F2412FC-EFF9-4158-A288-9C84046D99D2}.Release|Any CPU.Build.0 = Release|Any CPU
	EndGlobalSection
	GlobalSection(SolutionProperties) = preSolution
		HideSolutionNode = FALSE
	EndGlobalSection
	GlobalSection(ExtensibilityGlobals) = postSolution
		SolutionGuid = {A1861D1F-45B5-429E-81BE-AA94E2432B38}
	EndGlobalSection
EndGlobal
